{
  "nodes": {
    "SDL2-win32": {
      "inputs": {
        "SDL2_src": "SDL2_src",
        "nixpkgs": "nixpkgs_2",
        "tinycmmc": "tinycmmc"
      },
      "locked": {
        "lastModified": 1753127534,
        "narHash": "sha256-73UFk9wGZb0CQ2EpFaXRczHzUUlOzK/Ov2KP3ewk4qw=",
        "owner": "grumnix",
        "repo": "SDL2-win32",
        "rev": "278a40a7bff4c0b0bf4f5ad1c528308df4a1b0f9",
        "type": "github"
      },
      "original": {
        "owner": "grumnix",
        "repo": "SDL2-win32",
        "type": "github"
      }
    },
    "SDL2-win32_2": {
      "inputs": {
        "SDL2_src": "SDL2_src_2",
        "nixpkgs": [
          "wstdisplay",
          "nixpkgs"
        ],
        "tinycmmc": [
          "wstdisplay",
          "tinycmmc"
        ]
      },
      "locked": {
        "lastModified": 1753127534,
        "narHash": "sha256-73UFk9wGZb0CQ2EpFaXRczHzUUlOzK/Ov2KP3ewk4qw=",
        "owner": "grumnix",
        "repo": "SDL2-win32",
        "rev": "278a40a7bff4c0b0bf4f5ad1c528308df4a1b0f9",
        "type": "github"
      },
      "original": {
        "owner": "grumnix",
        "repo": "SDL2-win32",
        "type": "github"
      }
    },
    "SDL2-win32_3": {
      "inputs": {
        "SDL2_src": "SDL2_src_3",
        "nixpkgs": [
          "wstinput",
          "nixpkgs"
        ],
        "tinycmmc": [
          "wstinput",
          "tinycmmc"
        ]
      },
      "locked": {
        "lastModified": 1753127534,
        "narHash": "sha256-73UFk9wGZb0CQ2EpFaXRczHzUUlOzK/Ov2KP3ewk4qw=",
        "owner": "grumnix",
        "repo": "SDL2-win32",
        "rev": "278a40a7bff4c0b0bf4f5ad1c528308df4a1b0f9",
        "type": "github"
      },
      "original": {
        "owner": "grumnix",
        "repo": "SDL2-win32",
        "type": "github"
      }
    },
    "SDL2_src": {
      "flake": false,
      "locked": {
        "lastModified": 1748906407,
        "narHash": "sha256-aakdhaTL0dgt2BQEtv3w6pp1mwOrmNzEorh3lLxJgyo=",
        "type": "tarball",
        "url": "https://libsdl.org/release/SDL2-devel-2.32.8-mingw.tar.gz"
      },
      "original": {
        "type": "tarball",
        "url": "https://libsdl.org/release/SDL2-devel-2.32.8-mingw.tar.gz"
      }
    },
    "SDL2_src_2": {
      "flake": false,
      "locked": {
        "lastModified": 1748906407,
        "narHash": "sha256-aakdhaTL0dgt2BQEtv3w6pp1mwOrmNzEorh3lLxJgyo=",
        "type": "tarball",
        "url": "https://libsdl.org/release/SDL2-devel-2.32.8-mingw.tar.gz"
      },
      "original": {
        "type": "tarball",
        "url": "https://libsdl.org/release/SDL2-devel-2.32.8-mingw.tar.gz"
      }
    },
    "SDL2_src_3": {
      "flake": false,
      "locked": {
        "lastModified": 1748906407,
        "narHash": "sha256-aakdhaTL0dgt2BQEtv3w6pp1mwOrmNzEorh3lLxJgyo=",
        "type": "tarball",
        "url": "https://libsdl.org/release/SDL2-devel-2.32.8-mingw.tar.gz"
      },
      "original": {
        "type": "tarball",
        "url": "https://libsdl.org/release/SDL2-devel-2.32.8-mingw.tar.gz"
      }
    },
    "babyxml": {
      "inputs": {
        "nixpkgs": [
          "nixpkgs"
        ],
        "tinycmmc": [
          "tinycmmc"
        ]
      },
      "locked": {
        "lastModified": 1763579068,
        "narHash": "sha256-SIZ09yh1EHjGXRBNThi3mQhz6UebJUJrKZgP5fA7cm0=",
        "owner": "grumbel",
        "repo": "babyxml",
        "rev": "e78a832e566c30ac91934c75d6daa6d284027fb0",
        "type": "github"
      },
      "original": {
        "owner": "grumbel",
        "repo": "babyxml",
        "type": "github"
      }
    },
    "flake-utils": {
      "inputs": {
        "systems": "systems"
      },
      "locked": {
        "lastModified": 1731533236,
        "narHash": "sha256-l0KFg5HjrsfsO/JpG+r7fRrqm12kzFHyUHqHCVpMMbI=",
        "owner": "numtide",
        "repo": "flake-utils",
        "rev": "11707dc2f618dd54ca8739b309ec4fc024de578b",
        "type": "github"
      },
      "original": {
        "owner": "numtide",
        "repo": "flake-utils",
        "type": "github"
      }
    },
    "flake-utils_2": {
      "inputs": {
        "systems": "systems_2"
      },
      "locked": {
        "lastModified": 1701680307,
        "narHash": "sha256-kAuep2h5ajznlPMD9rnQyffWG8EM/C73lejGofXvdM8=",
        "owner": "numtide",
        "repo": "flake-utils",
        "rev": "4022d587cbbfd70fe950c1e2083a02621806a725",
        "type": "github"
      },
      "original": {
        "owner": "numtide",
        "repo": "flake-utils",
        "type": "github"
      }
    },
    "freetype-win32": {
      "inputs": {
        "freetype_src": "freetype_src",
        "nixpkgs": [
          "wstdisplay",
          "nixpkgs"
        ],
        "tinycmmc": [
          "wstdisplay",
          "tinycmmc"
        ]
      },
      "locked": {
        "lastModified": 1716729375,
        "narHash": "sha256-4H2Y+DuT9OMePK6JBi9Y7L+tnhXuUfvIIJlR+zcAjXI=",
        "owner": "grumnix",
        "repo": "freetype-win32",
        "rev": "874cb3559c6463e96e18c3a22ae9491df45a8327",
        "type": "github"
      },
      "original": {
        "owner": "grumnix",
        "repo": "freetype-win32",
        "type": "github"
      }
    },
    "freetype_src": {
      "flake": false,
      "locked": {
        "lastModified": 1687588007,
        "narHash": "sha256-e1WKuyGSJwgSSzdXqbuZdbosyxpMfr/Fw/LqVMTnZus=",
        "type": "tarball",
        "url": "https://download.savannah.gnu.org/releases/freetype/freetype-2.13.1.tar.gz"
      },
      "original": {
        "type": "tarball",
        "url": "https://download.savannah.gnu.org/releases/freetype/freetype-2.13.1.tar.gz"
      }
    },
    "geomcpp": {
      "inputs": {
        "nixpkgs": [
          "nixpkgs"
        ],
        "tinycmmc": [
          "tinycmmc"
        ]
      },
      "locked": {
        "lastModified": 1763578552,
        "narHash": "sha256-cI5Qe8JHthl/C/E7TYskEnzB/+FY/hXdsmCzmBdiv/Q=",
        "owner": "grumbel",
        "repo": "geomcpp",
        "rev": "d3a94b28cbce9da9a59129919d33ee1465e5b5a3",
        "type": "github"
      },
      "original": {
        "owner": "grumbel",
        "repo": "geomcpp",
        "type": "github"
      }
    },
    "glew-win32": {
      "inputs": {
        "glew_src": "glew_src",
        "nixpkgs": [
          "wstdisplay",
          "nixpkgs"
        ],
        "tinycmmc": [
          "wstdisplay",
          "tinycmmc"
        ]
      },
      "locked": {
        "lastModified": 1716729346,
        "narHash": "sha256-bO+mEfQT7V86Xi7m4xLpigWh4FxLSlbwBUnndn4Lb+o=",
        "owner": "grumnix",
        "repo": "glew-win32",
        "rev": "e2cc411d17dc1845eb25492e9bf408d5862ad19c",
        "type": "github"
      },
      "original": {
        "owner": "grumnix",
        "repo": "glew-win32",
        "type": "github"
      }
    },
    "glew_src": {
      "flake": false,
      "locked": {
        "lastModified": 1584277261,
        "narHash": "sha256-q91JXPURP4ZRGf0RjH78Yn0wV1MaL/JBTzJc8WSxWW8=",
        "type": "tarball",
        "url": "https://github.com/nigels-com/glew/releases/download/glew-2.2.0/glew-2.2.0-win32.zip"
      },
      "original": {
        "type": "tarball",
        "url": "https://github.com/nigels-com/glew/releases/download/glew-2.2.0/glew-2.2.0-win32.zip"
      }
    },
    "libmodplug-win32": {
      "inputs": {
        "libmodplug_src": "libmodplug_src",
        "nixpkgs": [
          "wstsound",
          "nixpkgs"
        ],
        "tinycmmc": [
          "wstsound",
          "tinycmmc"
        ]
      },
      "locked": {
        "lastModified": 1716834232,
        "narHash": "sha256-ZnTt0ZFvCPSA6NcIzAku/LH4SqYmKnwhdTadk209bFY=",
        "owner": "grumnix",
        "repo": "libmodplug-win32",
        "rev": "ca34343b3492192f977f06b529888ea55f184097",
        "type": "github"
      },
      "original": {
        "owner": "grumnix",
        "repo": "libmodplug-win32",
        "type": "github"
      }
    },
    "libmodplug_src": {
      "flake": false,
      "locked": {
        "lastModified": 1493040202,
        "narHash": "sha256-jNHspgIcrv5AUEgq2MB4TSqbj//tTCXiOoSqYjShGkw=",
        "type": "tarball",
        "url": "https://downloads.sourceforge.net/project/modplug-xmms/libmodplug/0.8.9.0/libmodplug-0.8.9.0.tar.gz"
      },
      "original": {
        "type": "tarball",
        "url": "https://downloads.sourceforge.net/project/modplug-xmms/libmodplug/0.8.9.0/libmodplug-0.8.9.0.tar.gz"
      }
    },
    "libogg-win32": {
      "inputs": {
        "libogg_src": "libogg_src",
        "nixpkgs": [
          "wstsound",
          "nixpkgs"
        ],
        "tinycmmc": [
          "wstsound",
          "tinycmmc"
        ]
      },
      "locked": {
        "lastModified": 1764251829,
        "narHash": "sha256-CUq+HLy257tgKo9URjnjgCS1HyIQpPetU06gFr/1fQA=",
        "owner": "grumnix",
        "repo": "libogg-win32",
        "rev": "a05787b0ad8f878cd44008fd0c4c99cb149c0066",
        "type": "github"
      },
      "original": {
        "owner": "grumnix",
        "repo": "libogg-win32",
        "type": "github"
      }
    },
    "libogg_src": {
      "flake": false,
      "locked": {
        "lastModified": 1622776890,
        "narHash": "sha256-L8hFWoCh2VTdlsOq+cbP1eYAnciH70xlk1eSwr8YP5c=",
        "type": "tarball",
        "url": "https://downloads.xiph.org/releases/ogg/libogg-1.3.5.tar.gz"
      },
      "original": {
        "type": "tarball",
        "url": "https://downloads.xiph.org/releases/ogg/libogg-1.3.5.tar.gz"
      }
    },
    "libvorbis-win32": {
      "inputs": {
        "libogg": [
          "wstsound",
          "libogg-win32"
        ],
        "libvorbis_src": "libvorbis_src",
        "nixpkgs": [
          "wstsound",
          "nixpkgs"
        ],
        "tinycmmc": [
          "wstsound",
          "tinycmmc"
        ]
      },
      "locked": {
        "lastModified": 1764251884,
        "narHash": "sha256-3jO1DR02WbHEtv6r809E/UvUFou2uXkT/8hkqmhK2Y4=",
        "owner": "grumnix",
        "repo": "libvorbis-win32",
        "rev": "d698e14ec3fce00f85c111f74ad783bbda813a72",
        "type": "github"
      },
      "original": {
        "owner": "grumnix",
        "repo": "libvorbis-win32",
        "type": "github"
      }
    },
    "libvorbis_src": {
      "flake": false,
      "locked": {
        "lastModified": 1593843770,
        "narHash": "sha256-xXty8sK0hmJX7jQu5+CDBslNVQ0+dZaUrbp/12xVmy0=",
        "type": "tarball",
        "url": "https://downloads.xiph.org/releases/vorbis/libvorbis-1.3.7.tar.xz"
      },
      "original": {
        "type": "tarball",
        "url": "https://downloads.xiph.org/releases/vorbis/libvorbis-1.3.7.tar.xz"
      }
    },
    "logmich": {
      "inputs": {
        "nixpkgs": [
          "nixpkgs"
        ],
        "tinycmmc": [
          "tinycmmc"
        ]
      },
      "locked": {
        "lastModified": 1763578800,
        "narHash": "sha256-mnqKS+m/m/zwlOpse3+QnP54fgaXR9/8FW+FDq/MKlo=",
        "owner": "logmich",
        "repo": "logmich",
        "rev": "f69ccb6b8963d995eeb886f60e8c30b2742d596e",
        "type": "github"
      },
      "original": {
        "owner": "logmich",
        "repo": "logmich",
        "type": "github"
      }
    },
    "mpg123-win32": {
      "inputs": {
        "mpg123_src": "mpg123_src",
        "nixpkgs": [
          "wstsound",
          "nixpkgs"
        ],
        "tinycmmc": [
          "wstsound",
          "tinycmmc"
        ]
      },
      "locked": {
        "lastModified": 1716728685,
        "narHash": "sha256-+oyZIT88pcIuWUW1jw69KpxEjvqU1QDtF3VV6hiTVAo=",
        "owner": "grumnix",
        "repo": "mpg123-win32",
        "rev": "aead750a3614f02601f7e81f67751b9f64eeab07",
        "type": "github"
      },
      "original": {
        "owner": "grumnix",
        "repo": "mpg123-win32",
        "type": "github"
      }
    },
    "mpg123_src": {
      "flake": false,
      "locked": {
        "lastModified": 1679225440,
        "narHash": "sha256-OGSGPiIZbcBhovnX+rMquDECVT0myZDpJFxMYQMK4TM=",
        "type": "tarball",
        "url": "https://downloads.sourceforge.net/project/mpg123/mpg123/1.31.3/mpg123-1.31.3.tar.bz2"
      },
      "original": {
        "type": "tarball",
        "url": "https://downloads.sourceforge.net/project/mpg123/mpg123/1.31.3/mpg123-1.31.3.tar.bz2"
      }
    },
    "nixpkgs": {
      "locked": {
        "lastModified": 1764667669,
        "narHash": "sha256-7WUCZfmqLAssbDqwg9cUDAXrSoXN79eEEq17qhTNM/Y=",
        "owner": "NixOS",
        "repo": "nixpkgs",
        "rev": "418468ac9527e799809c900eda37cbff999199b6",
        "type": "github"
      },
      "original": {
        "owner": "NixOS",
        "ref": "nixos-unstable",
        "repo": "nixpkgs",
        "type": "github"
      }
    },
    "nixpkgs_2": {
      "locked": {
        "lastModified": 1752866191,
        "narHash": "sha256-NV4S2Lf2hYmZQ3Qf4t/YyyBaJNuxLPyjzvDma0zPp/M=",
        "owner": "NixOS",
        "repo": "nixpkgs",
        "rev": "f01fe91b0108a7aff99c99f2e9abbc45db0adc2a",
        "type": "github"
      },
      "original": {
        "owner": "NixOS",
        "ref": "nixos-25.05",
        "repo": "nixpkgs",
        "type": "github"
      }
    },
    "openal-soft-win32": {
      "inputs": {
        "nixpkgs": [
          "wstsound",
          "nixpkgs"
        ],
        "openal-soft_src": "openal-soft_src",
        "tinycmmc": [
          "wstsound",
          "tinycmmc"
        ]
      },
      "locked": {
        "lastModified": 1763585892,
        "narHash": "sha256-ADPqFbvM+Dy6OoW/Mk1E/0OM+IPyO6QC6Qd+FOsXQeg=",
        "owner": "grumnix",
        "repo": "openal-soft-win32",
        "rev": "98996385d263cbafa77890bf7c1fbc7efdb9a2e6",
        "type": "github"
      },
      "original": {
        "owner": "grumnix",
        "repo": "openal-soft-win32",
        "type": "github"
      }
    },
    "openal-soft_src": {
      "flake": false,
      "locked": {
        "lastModified": 1743221304,
        "narHash": "sha256-VQa3FD9NyvDv/+VbU+5lmV0LteiioJHpRkr1lnCn1g4=",
        "owner": "kcat",
        "repo": "openal-soft",
        "rev": "dc7d7054a5b4f3bec1dc23a42fd616a0847af948",
        "type": "github"
      },
      "original": {
        "owner": "kcat",
        "ref": "1.24.3",
        "repo": "openal-soft",
        "type": "github"
      }
    },
    "opus-win32": {
      "inputs": {
        "nixpkgs": [
          "wstsound",
          "nixpkgs"
        ],
        "opus_src": "opus_src",
        "tinycmmc": [
          "wstsound",
          "tinycmmc"
        ]
      },
      "locked": {
        "lastModified": 1716728603,
        "narHash": "sha256-3+GUby3dHbQPdsBiGQlQ9XgNyZe1hORqbQpGUCzFm1E=",
        "owner": "grumnix",
        "repo": "opus-win32",
        "rev": "4530cd6280b2c239d8df717943fa0f63b1a3a650",
        "type": "github"
      },
      "original": {
        "owner": "grumnix",
        "repo": "opus-win32",
        "type": "github"
      }
    },
    "opus_src": {
      "flake": false,
      "locked": {
        "lastModified": 1555106623,
        "narHash": "sha256-VyHmKoRXCJ0shVfUn6cX13b0fAXIQk0Z5NLZIfy8Gh4=",
        "type": "tarball",
        "url": "https://archive.mozilla.org/pub/opus/opus-1.3.1.tar.gz"
      },
      "original": {
        "type": "tarball",
        "url": "https://archive.mozilla.org/pub/opus/opus-1.3.1.tar.gz"
      }
    },
    "opusfile-win32": {
      "inputs": {
        "libogg": [
          "wstsound",
          "libogg-win32"
        ],
        "nixpkgs": [
          "wstsound",
          "nixpkgs"
        ],
        "opus": [
          "wstsound",
          "opus-win32"
        ],
        "opusfile_src": "opusfile_src",
        "tinycmmc": [
          "wstsound",
          "tinycmmc"
        ]
      },
      "locked": {
        "lastModified": 1716728646,
        "narHash": "sha256-pCL8yrYE3EppKKrv8ORuCaWepm6eYmsYj3I1WoIxWDQ=",
        "owner": "grumnix",
        "repo": "opusfile-win32",
        "rev": "c19b24efe82fd596016d7805e9206466c0b5744e",
        "type": "github"
      },
      "original": {
        "owner": "grumnix",
        "repo": "opusfile-win32",
        "type": "github"
      }
    },
    "opusfile_src": {
      "flake": false,
      "locked": {
        "lastModified": 1593226173,
        "narHash": "sha256-UEoOyY9DM5lINTAHIfSRK5+o622pIK2ObQ00swIcM40=",
        "type": "tarball",
        "url": "https://downloads.xiph.org/releases/opus/opusfile-0.12.tar.gz"
      },
      "original": {
        "type": "tarball",
        "url": "https://downloads.xiph.org/releases/opus/opusfile-0.12.tar.gz"
      }
    },
    "priocpp": {
      "inputs": {
        "flake-utils": [
          "flake-utils"
        ],
        "logmich": [
          "logmich"
        ],
        "nixpkgs": [
          "nixpkgs"
        ],
        "sexpcpp": [
          "sexpcpp"
        ],
        "tinycmmc": [
          "tinycmmc"
        ]
      },
      "locked": {
        "lastModified": 1764247710,
        "narHash": "sha256-Ar/V9Q5jCOok7r3t0/f7DvBc6nxMDX4SbCiSKh36UDo=",
        "owner": "grumbel",
        "repo": "priocpp",
        "rev": "ea15402adcd0d9191dc29ca6f7e4dd0bff67b9b5",
        "type": "github"
      },
      "original": {
        "owner": "grumbel",
        "repo": "priocpp",
        "type": "github"
      }
    },
    "root": {
      "inputs": {
        "babyxml": "babyxml",
        "flake-utils": "flake-utils",
        "geomcpp": "geomcpp",
        "logmich": "logmich",
        "nixpkgs": "nixpkgs",
        "priocpp": "priocpp",
        "sexpcpp": "sexpcpp",
        "surfcpp": "surfcpp",
        "tinycmmc": "tinycmmc_2",
        "wstdisplay": "wstdisplay",
        "wstinput": "wstinput",
        "wstsound": "wstsound"
      }
    },
    "sexpcpp": {
      "inputs": {
        "flake-utils": [
          "flake-utils"
        ],
        "nixpkgs": [
          "nixpkgs"
        ],
        "tinycmmc": [
          "tinycmmc"
        ]
      },
      "locked": {
        "lastModified": 1764247650,
        "narHash": "sha256-TIdAX5YhIRbjvbdApU3TfYwT6udcaK68GikvExp5uF0=",
        "owner": "lispparser",
        "repo": "sexp-cpp",
        "rev": "e33eacf64ee5f1c24ed715ffc62519543bd40d64",
        "type": "github"
      },
      "original": {
        "owner": "lispparser",
        "repo": "sexp-cpp",
        "type": "github"
      }
    },
    "surfcpp": {
      "inputs": {
        "SDL2-win32": "SDL2-win32",
        "geomcpp": [
          "geomcpp"
        ],
        "logmich": [
          "logmich"
        ],
        "nixpkgs": [
          "nixpkgs"
        ],
        "tinycmmc": [
          "tinycmmc"
        ]
      },
      "locked": {
        "lastModified": 1763578863,
        "narHash": "sha256-5+15W7vTVdNkljM21guGaGhUw2PTxIf65R2+YZcBfoQ=",
        "owner": "grumbel",
        "repo": "surfcpp",
        "rev": "0002577f58ac14d1b314f3defe32b0529441a08e",
        "type": "github"
      },
      "original": {
        "owner": "grumbel",
        "repo": "surfcpp",
        "type": "github"
      }
    },
    "systems": {
      "locked": {
        "lastModified": 1681028828,
        "narHash": "sha256-Vy1rq5AaRuLzOxct8nz4T6wlgyUR7zLU309k9mBC768=",
        "owner": "nix-systems",
        "repo": "default",
        "rev": "da67096a3b9bf56a91d16901293e51ba5b49a27e",
        "type": "github"
      },
      "original": {
        "owner": "nix-systems",
        "repo": "default",
        "type": "github"
      }
    },
    "systems_2": {
      "locked": {
        "lastModified": 1681028828,
        "narHash": "sha256-Vy1rq5AaRuLzOxct8nz4T6wlgyUR7zLU309k9mBC768=",
        "owner": "nix-systems",
        "repo": "default",
        "rev": "da67096a3b9bf56a91d16901293e51ba5b49a27e",
        "type": "github"
      },
      "original": {
        "owner": "nix-systems",
        "repo": "default",
        "type": "github"
      }
    },
    "tinycmmc": {
      "inputs": {
        "flake-utils": "flake-utils_2",
        "nixpkgs": [
          "surfcpp",
          "SDL2-win32",
          "nixpkgs"
        ]
      },
      "locked": {
        "lastModified": 1701699760,
        "narHash": "sha256-L0vwqcTQFOiFfRY90nBgDuUsVOYS0+S8BfVxFvaFBNM=",
        "owner": "grumbel",
        "repo": "tinycmmc",
        "rev": "9a51e13802d930feb7261ba8876940659b258cb7",
        "type": "github"
      },
      "original": {
        "owner": "grumbel",
        "repo": "tinycmmc",
        "type": "github"
      }
    },
    "tinycmmc_2": {
      "inputs": {
        "flake-utils": [
          "flake-utils"
        ],
        "nixpkgs": [
          "nixpkgs"
        ]
      },
      "locked": {
        "lastModified": 1763256011,
        "narHash": "sha256-CpQWAHdeLUYd28cT9heG05p6RX9WF7QslqNHoBi931E=",
        "owner": "grumbel",
        "repo": "tinycmmc",
        "rev": "2e007ba059a4991c011a7193c9d7df28826c9adc",
        "type": "github"
      },
      "original": {
        "owner": "grumbel",
        "repo": "tinycmmc",
        "type": "github"
      }
    },
    "wstdisplay": {
      "inputs": {
        "SDL2-win32": "SDL2-win32_2",
        "babyxml": [
          "babyxml"
        ],
        "freetype-win32": "freetype-win32",
        "geomcpp": [
          "geomcpp"
        ],
        "glew-win32": "glew-win32",
        "logmich": [
          "logmich"
        ],
        "nixpkgs": [
          "nixpkgs"
        ],
        "surfcpp": [
          "surfcpp"
        ],
        "tinycmmc": [
          "tinycmmc"
        ]
      },
      "locked": {
        "lastModified": 1763579114,
        "narHash": "sha256-ZS2bV8Nj1mYmbRFPS1aOWCx+GvuuzzXq4glguPmrib0=",
        "owner": "windstilleteam",
        "repo": "wstdisplay",
        "rev": "0322887863a63bc745fe5a2c06430a68ed4aaf40",
        "type": "github"
      },
      "original": {
        "owner": "windstilleteam",
        "repo": "wstdisplay",
        "type": "github"
      }
    },
    "wstinput": {
      "inputs": {
        "SDL2-win32": "SDL2-win32_3",
        "flake-utils": [
          "flake-utils"
        ],
        "logmich": [
          "logmich"
        ],
        "nixpkgs": [
          "nixpkgs"
        ],
        "priocpp": [
          "priocpp"
        ],
        "sexpcpp": [
          "sexpcpp"
        ],
        "tinycmmc": [
          "tinycmmc"
        ]
      },
      "locked": {
        "lastModified": 1763579583,
        "narHash": "sha256-Vdbsyq2WhkkBeJxIPYFHFVjaTxcjuvc+muPDt0ppXBg=",
        "owner": "windstilleteam",
        "repo": "wstinput",
        "rev": "9be75540c618fb55115154ed10b3b60e35260e1e",
        "type": "github"
      },
      "original": {
        "owner": "windstilleteam",
        "repo": "wstinput",
        "type": "github"
      }
    },
    "wstsound": {
      "inputs": {
        "flake-utils": [
          "flake-utils"
        ],
        "libmodplug-win32": "libmodplug-win32",
        "libogg-win32": "libogg-win32",
        "libvorbis-win32": "libvorbis-win32",
        "mpg123-win32": "mpg123-win32",
        "nixpkgs": [
          "nixpkgs"
        ],
        "openal-soft-win32": "openal-soft-win32",
        "opus-win32": "opus-win32",
        "opusfile-win32": "opusfile-win32",
        "tinycmmc": [
          "tinycmmc"
        ]
      },
      "locked": {
        "lastModified": 1764252193,
        "narHash": "sha256-D1WVX4iJbxZKGa+3tiV99YhZZHpV3VMbgKizFOWbopU=",
        "owner": "windstilleteam",
        "repo": "wstsound",
        "rev": "cd2bbcd7ed0d4fcb57e549803f722dee31b3963e",
        "type": "github"
      },
      "original": {
        "owner": "windstilleteam",
        "repo": "wstsound",
        "type": "github"
      }
    }
  },
  "root": "root",
  "version": 7
}
