{
  "nodes": {
    "SDL2-win32": {
      "inputs": {
        "SDL2_src": "SDL2_src",
        "flake-utils": "flake-utils_7",
        "nixpkgs": [
          "surfcpp",
          "nixpkgs"
        ]
      },
      "locked": {
        "lastModified": 1786297641,
        "narHash": "sha256-yu4LwoIC0TCh8EhZzyDj1u99WnkqslMNp5rrg3hqAWM=",
        "owner": "grumnix",
        "repo": "SDL2-win32",
        "rev": "8ca7fe1bc9ef1201f1247fbcc8b560a1a06da8b1",
        "type": "github"
      },
      "original": {
        "owner": "grumnix",
        "repo": "SDL2-win32",
        "type": "github"
      }
    },
    "SDL2-win32_2": {
      "inputs": {
        "SDL2_src": "SDL2_src_2",
        "flake-utils": "flake-utils_9",
        "nixpkgs": [
          "wstdisplay",
          "nixpkgs"
        ]
      },
      "locked": {
        "lastModified": 1786297641,
        "narHash": "sha256-yu4LwoIC0TCh8EhZzyDj1u99WnkqslMNp5rrg3hqAWM=",
        "ref": "refs/heads/master",
        "rev": "8ca7fe1bc9ef1201f1247fbcc8b560a1a06da8b1",
        "revCount": 8,
        "type": "git",
        "url": "https://github.com/grumnix/SDL2-win32.git"
      },
      "original": {
        "type": "git",
        "url": "https://github.com/grumnix/SDL2-win32.git"
      }
    },
    "SDL2-win32_3": {
      "inputs": {
        "SDL2_src": "SDL2_src_3",
        "flake-utils": "flake-utils_12",
        "nixpkgs": [
          "wstinput",
          "nixpkgs"
        ]
      },
      "locked": {
        "lastModified": 1786297641,
        "narHash": "sha256-yu4LwoIC0TCh8EhZzyDj1u99WnkqslMNp5rrg3hqAWM=",
        "ref": "refs/heads/master",
        "rev": "8ca7fe1bc9ef1201f1247fbcc8b560a1a06da8b1",
        "revCount": 8,
        "type": "git",
        "url": "https://github.com/grumnix/SDL2-win32.git"
      },
      "original": {
        "type": "git",
        "url": "https://github.com/grumnix/SDL2-win32.git"
      }
    },
    "SDL2_src": {
      "flake": false,
      "locked": {
        "lastModified": 1748906407,
        "narHash": "sha256-aakdhaTL0dgt2BQEtv3w6pp1mwOrmNzEorh3lLxJgyo=",
        "type": "tarball",
        "url": "https://libsdl.org/release/SDL2-devel-2.32.8-mingw.tar.gz"
      },
      "original": {
        "type": "tarball",
        "url": "https://libsdl.org/release/SDL2-devel-2.32.8-mingw.tar.gz"
      }
    },
    "SDL2_src_2": {
      "flake": false,
      "locked": {
        "lastModified": 1748906407,
        "narHash": "sha256-aakdhaTL0dgt2BQEtv3w6pp1mwOrmNzEorh3lLxJgyo=",
        "type": "tarball",
        "url": "https://libsdl.org/release/SDL2-devel-2.32.8-mingw.tar.gz"
      },
      "original": {
        "type": "tarball",
        "url": "https://libsdl.org/release/SDL2-devel-2.32.8-mingw.tar.gz"
      }
    },
    "SDL2_src_3": {
      "flake": false,
      "locked": {
        "lastModified": 1748906407,
        "narHash": "sha256-aakdhaTL0dgt2BQEtv3w6pp1mwOrmNzEorh3lLxJgyo=",
        "type": "tarball",
        "url": "https://libsdl.org/release/SDL2-devel-2.32.8-mingw.tar.gz"
      },
      "original": {
        "type": "tarball",
        "url": "https://libsdl.org/release/SDL2-devel-2.32.8-mingw.tar.gz"
      }
    },
    "babyxml": {
      "inputs": {
        "flake-utils": "flake-utils",
        "nixpkgs": [
          "nixpkgs"
        ]
      },
      "locked": {
        "lastModified": 1787253512,
        "narHash": "sha256-XuAIVM+/y5upOU3CySvB0Vmizk9yOUabeadpbWKb1s0=",
        "ref": "refs/heads/master",
        "rev": "f1c7acefd0b9ef88e851fc2fc91bbbba446ae7ab",
        "revCount": 54,
        "type": "git",
        "url": "https://github.com/grumbel/babyxml.git"
      },
      "original": {
        "type": "git",
        "url": "https://github.com/grumbel/babyxml.git"
      }
    },
    "flake-utils": {
      "inputs": {
        "systems": "systems"
      },
      "locked": {
        "lastModified": 1731533236,
        "narHash": "sha256-l0KFg5HjrsfsO/JpG+r7fRrqm12kzFHyUHqHCVpMMbI=",
        "owner": "numtide",
        "repo": "flake-utils",
        "rev": "11707dc2f618dd54ca8739b309ec4fc024de578b",
        "type": "github"
      },
      "original": {
        "owner": "numtide",
        "repo": "flake-utils",
        "type": "github"
      }
    },
    "flake-utils_10": {
      "inputs": {
        "systems": "systems_10"
      },
      "locked": {
        "lastModified": 1731533236,
        "narHash": "sha256-l0KFg5HjrsfsO/JpG+r7fRrqm12kzFHyUHqHCVpMMbI=",
        "owner": "numtide",
        "repo": "flake-utils",
        "rev": "11707dc2f618dd54ca8739b309ec4fc024de578b",
        "type": "github"
      },
      "original": {
        "owner": "numtide",
        "repo": "flake-utils",
        "type": "github"
      }
    },
    "flake-utils_11": {
      "inputs": {
        "systems": "systems_11"
      },
      "locked": {
        "lastModified": 1701680307,
        "narHash": "sha256-kAuep2h5ajznlPMD9rnQyffWG8EM/C73lejGofXvdM8=",
        "owner": "numtide",
        "repo": "flake-utils",
        "rev": "4022d587cbbfd70fe950c1e2083a02621806a725",
        "type": "github"
      },
      "original": {
        "owner": "numtide",
        "repo": "flake-utils",
        "type": "github"
      }
    },
    "flake-utils_12": {
      "inputs": {
        "systems": "systems_12"
      },
      "locked": {
        "lastModified": 1731533236,
        "narHash": "sha256-l0KFg5HjrsfsO/JpG+r7fRrqm12kzFHyUHqHCVpMMbI=",
        "owner": "numtide",
        "repo": "flake-utils",
        "rev": "11707dc2f618dd54ca8739b309ec4fc024de578b",
        "type": "github"
      },
      "original": {
        "owner": "numtide",
        "repo": "flake-utils",
        "type": "github"
      }
    },
    "flake-utils_13": {
      "inputs": {
        "systems": "systems_13"
      },
      "locked": {
        "lastModified": 1731533236,
        "narHash": "sha256-l0KFg5HjrsfsO/JpG+r7fRrqm12kzFHyUHqHCVpMMbI=",
        "owner": "numtide",
        "repo": "flake-utils",
        "rev": "11707dc2f618dd54ca8739b309ec4fc024de578b",
        "type": "github"
      },
      "original": {
        "owner": "numtide",
        "repo": "flake-utils",
        "type": "github"
      }
    },
    "flake-utils_14": {
      "inputs": {
        "systems": "systems_14"
      },
      "locked": {
        "lastModified": 1731533236,
        "narHash": "sha256-l0KFg5HjrsfsO/JpG+r7fRrqm12kzFHyUHqHCVpMMbI=",
        "owner": "numtide",
        "repo": "flake-utils",
        "rev": "11707dc2f618dd54ca8739b309ec4fc024de578b",
        "type": "github"
      },
      "original": {
        "owner": "numtide",
        "repo": "flake-utils",
        "type": "github"
      }
    },
    "flake-utils_15": {
      "inputs": {
        "systems": "systems_15"
      },
      "locked": {
        "lastModified": 1731533236,
        "narHash": "sha256-l0KFg5HjrsfsO/JpG+r7fRrqm12kzFHyUHqHCVpMMbI=",
        "owner": "numtide",
        "repo": "flake-utils",
        "rev": "11707dc2f618dd54ca8739b309ec4fc024de578b",
        "type": "github"
      },
      "original": {
        "owner": "numtide",
        "repo": "flake-utils",
        "type": "github"
      }
    },
    "flake-utils_16": {
      "inputs": {
        "systems": "systems_16"
      },
      "locked": {
        "lastModified": 1731533236,
        "narHash": "sha256-l0KFg5HjrsfsO/JpG+r7fRrqm12kzFHyUHqHCVpMMbI=",
        "owner": "numtide",
        "repo": "flake-utils",
        "rev": "11707dc2f618dd54ca8739b309ec4fc024de578b",
        "type": "github"
      },
      "original": {
        "owner": "numtide",
        "repo": "flake-utils",
        "type": "github"
      }
    },
    "flake-utils_17": {
      "inputs": {
        "systems": "systems_17"
      },
      "locked": {
        "lastModified": 1731533236,
        "narHash": "sha256-l0KFg5HjrsfsO/JpG+r7fRrqm12kzFHyUHqHCVpMMbI=",
        "owner": "numtide",
        "repo": "flake-utils",
        "rev": "11707dc2f618dd54ca8739b309ec4fc024de578b",
        "type": "github"
      },
      "original": {
        "owner": "numtide",
        "repo": "flake-utils",
        "type": "github"
      }
    },
    "flake-utils_18": {
      "inputs": {
        "systems": "systems_18"
      },
      "locked": {
        "lastModified": 1701680307,
        "narHash": "sha256-kAuep2h5ajznlPMD9rnQyffWG8EM/C73lejGofXvdM8=",
        "owner": "numtide",
        "repo": "flake-utils",
        "rev": "4022d587cbbfd70fe950c1e2083a02621806a725",
        "type": "github"
      },
      "original": {
        "owner": "numtide",
        "repo": "flake-utils",
        "type": "github"
      }
    },
    "flake-utils_19": {
      "inputs": {
        "systems": "systems_19"
      },
      "locked": {
        "lastModified": 1731533236,
        "narHash": "sha256-l0KFg5HjrsfsO/JpG+r7fRrqm12kzFHyUHqHCVpMMbI=",
        "owner": "numtide",
        "repo": "flake-utils",
        "rev": "11707dc2f618dd54ca8739b309ec4fc024de578b",
        "type": "github"
      },
      "original": {
        "owner": "numtide",
        "repo": "flake-utils",
        "type": "github"
      }
    },
    "flake-utils_2": {
      "inputs": {
        "systems": "systems_2"
      },
      "locked": {
        "lastModified": 1731533236,
        "narHash": "sha256-l0KFg5HjrsfsO/JpG+r7fRrqm12kzFHyUHqHCVpMMbI=",
        "owner": "numtide",
        "repo": "flake-utils",
        "rev": "11707dc2f618dd54ca8739b309ec4fc024de578b",
        "type": "github"
      },
      "original": {
        "owner": "numtide",
        "repo": "flake-utils",
        "type": "github"
      }
    },
    "flake-utils_20": {
      "inputs": {
        "systems": "systems_20"
      },
      "locked": {
        "lastModified": 1701680307,
        "narHash": "sha256-kAuep2h5ajznlPMD9rnQyffWG8EM/C73lejGofXvdM8=",
        "owner": "numtide",
        "repo": "flake-utils",
        "rev": "4022d587cbbfd70fe950c1e2083a02621806a725",
        "type": "github"
      },
      "original": {
        "owner": "numtide",
        "repo": "flake-utils",
        "type": "github"
      }
    },
    "flake-utils_21": {
      "inputs": {
        "systems": "systems_21"
      },
      "locked": {
        "lastModified": 1701680307,
        "narHash": "sha256-kAuep2h5ajznlPMD9rnQyffWG8EM/C73lejGofXvdM8=",
        "owner": "numtide",
        "repo": "flake-utils",
        "rev": "4022d587cbbfd70fe950c1e2083a02621806a725",
        "type": "github"
      },
      "original": {
        "owner": "numtide",
        "repo": "flake-utils",
        "type": "github"
      }
    },
    "flake-utils_3": {
      "inputs": {
        "systems": "systems_3"
      },
      "locked": {
        "lastModified": 1731533236,
        "narHash": "sha256-l0KFg5HjrsfsO/JpG+r7fRrqm12kzFHyUHqHCVpMMbI=",
        "owner": "numtide",
        "repo": "flake-utils",
        "rev": "11707dc2f618dd54ca8739b309ec4fc024de578b",
        "type": "github"
      },
      "original": {
        "owner": "numtide",
        "repo": "flake-utils",
        "type": "github"
      }
    },
    "flake-utils_4": {
      "inputs": {
        "systems": "systems_4"
      },
      "locked": {
        "lastModified": 1731533236,
        "narHash": "sha256-l0KFg5HjrsfsO/JpG+r7fRrqm12kzFHyUHqHCVpMMbI=",
        "owner": "numtide",
        "repo": "flake-utils",
        "rev": "11707dc2f618dd54ca8739b309ec4fc024de578b",
        "type": "github"
      },
      "original": {
        "owner": "numtide",
        "repo": "flake-utils",
        "type": "github"
      }
    },
    "flake-utils_5": {
      "inputs": {
        "systems": "systems_5"
      },
      "locked": {
        "lastModified": 1731533236,
        "narHash": "sha256-l0KFg5HjrsfsO/JpG+r7fRrqm12kzFHyUHqHCVpMMbI=",
        "owner": "numtide",
        "repo": "flake-utils",
        "rev": "11707dc2f618dd54ca8739b309ec4fc024de578b",
        "type": "github"
      },
      "original": {
        "owner": "numtide",
        "repo": "flake-utils",
        "type": "github"
      }
    },
    "flake-utils_6": {
      "inputs": {
        "systems": "systems_6"
      },
      "locked": {
        "lastModified": 1731533236,
        "narHash": "sha256-l0KFg5HjrsfsO/JpG+r7fRrqm12kzFHyUHqHCVpMMbI=",
        "owner": "numtide",
        "repo": "flake-utils",
        "rev": "11707dc2f618dd54ca8739b309ec4fc024de578b",
        "type": "github"
      },
      "original": {
        "owner": "numtide",
        "repo": "flake-utils",
        "type": "github"
      }
    },
    "flake-utils_7": {
      "inputs": {
        "systems": "systems_7"
      },
      "locked": {
        "lastModified": 1731533236,
        "narHash": "sha256-l0KFg5HjrsfsO/JpG+r7fRrqm12kzFHyUHqHCVpMMbI=",
        "owner": "numtide",
        "repo": "flake-utils",
        "rev": "11707dc2f618dd54ca8739b309ec4fc024de578b",
        "type": "github"
      },
      "original": {
        "owner": "numtide",
        "repo": "flake-utils",
        "type": "github"
      }
    },
    "flake-utils_8": {
      "inputs": {
        "systems": "systems_8"
      },
      "locked": {
        "lastModified": 1731533236,
        "narHash": "sha256-l0KFg5HjrsfsO/JpG+r7fRrqm12kzFHyUHqHCVpMMbI=",
        "owner": "numtide",
        "repo": "flake-utils",
        "rev": "11707dc2f618dd54ca8739b309ec4fc024de578b",
        "type": "github"
      },
      "original": {
        "owner": "numtide",
        "repo": "flake-utils",
        "type": "github"
      }
    },
    "flake-utils_9": {
      "inputs": {
        "systems": "systems_9"
      },
      "locked": {
        "lastModified": 1731533236,
        "narHash": "sha256-l0KFg5HjrsfsO/JpG+r7fRrqm12kzFHyUHqHCVpMMbI=",
        "owner": "numtide",
        "repo": "flake-utils",
        "rev": "11707dc2f618dd54ca8739b309ec4fc024de578b",
        "type": "github"
      },
      "original": {
        "owner": "numtide",
        "repo": "flake-utils",
        "type": "github"
      }
    },
    "freetype-win32": {
      "inputs": {
        "freetype_src": "freetype_src",
        "nixpkgs": [
          "wstdisplay",
          "nixpkgs"
        ],
        "tinycmmc": "tinycmmc"
      },
      "locked": {
        "lastModified": 1716729375,
        "narHash": "sha256-4H2Y+DuT9OMePK6JBi9Y7L+tnhXuUfvIIJlR+zcAjXI=",
        "ref": "refs/heads/master",
        "rev": "874cb3559c6463e96e18c3a22ae9491df45a8327",
        "revCount": 4,
        "type": "git",
        "url": "https://github.com/grumnix/freetype-win32.git"
      },
      "original": {
        "type": "git",
        "url": "https://github.com/grumnix/freetype-win32.git"
      }
    },
    "freetype_src": {
      "flake": false,
      "locked": {
        "lastModified": 1687588007,
        "narHash": "sha256-e1WKuyGSJwgSSzdXqbuZdbosyxpMfr/Fw/LqVMTnZus=",
        "type": "tarball",
        "url": "https://download.savannah.gnu.org/releases/freetype/freetype-2.13.1.tar.gz"
      },
      "original": {
        "type": "tarball",
        "url": "https://download.savannah.gnu.org/releases/freetype/freetype-2.13.1.tar.gz"
      }
    },
    "geomcpp": {
      "inputs": {
        "flake-utils": "flake-utils_3",
        "nixpkgs": [
          "nixpkgs"
        ]
      },
      "locked": {
        "lastModified": 1787251499,
        "narHash": "sha256-aBHkrpAdl6HlZqBOgbM8TyyG9VqwRfCo2azfqY1SZm0=",
        "ref": "refs/heads/master",
        "rev": "8c79c10159051b396a2ba0dc58601cacdee52372",
        "revCount": 121,
        "type": "git",
        "url": "https://github.com/grumbel/geomcpp.git"
      },
      "original": {
        "type": "git",
        "url": "https://github.com/grumbel/geomcpp.git"
      }
    },
    "libmodplug-win32": {
      "inputs": {
        "flake-utils": "flake-utils_15",
        "libmodplug_src": "libmodplug_src",
        "nixpkgs": [
          "wstsound",
          "nixpkgs"
        ]
      },
      "locked": {
        "lastModified": 1786297750,
        "narHash": "sha256-2rVVQHF0JM+/FUGGIC+0PcxomHqEM9+AUDyHXeyYOVI=",
        "ref": "refs/heads/master",
        "rev": "b53c8590136c24da645bd06a6c60b9c596162d49",
        "revCount": 7,
        "type": "git",
        "url": "https://github.com/grumnix/libmodplug-win32.git"
      },
      "original": {
        "type": "git",
        "url": "https://github.com/grumnix/libmodplug-win32.git"
      }
    },
    "libmodplug_src": {
      "flake": false,
      "locked": {
        "lastModified": 1493040202,
        "narHash": "sha256-jNHspgIcrv5AUEgq2MB4TSqbj//tTCXiOoSqYjShGkw=",
        "type": "tarball",
        "url": "https://downloads.sourceforge.net/project/modplug-xmms/libmodplug/0.8.9.0/libmodplug-0.8.9.0.tar.gz"
      },
      "original": {
        "type": "tarball",
        "url": "https://downloads.sourceforge.net/project/modplug-xmms/libmodplug/0.8.9.0/libmodplug-0.8.9.0.tar.gz"
      }
    },
    "libogg-win32": {
      "inputs": {
        "libogg_src": "libogg_src",
        "nixpkgs": [
          "wstsound",
          "nixpkgs"
        ],
        "tinycmmc": "tinycmmc_2"
      },
      "locked": {
        "lastModified": 1764251829,
        "narHash": "sha256-CUq+HLy257tgKo9URjnjgCS1HyIQpPetU06gFr/1fQA=",
        "ref": "refs/heads/master",
        "rev": "a05787b0ad8f878cd44008fd0c4c99cb149c0066",
        "revCount": 6,
        "type": "git",
        "url": "https://github.com/grumnix/libogg-win32.git"
      },
      "original": {
        "type": "git",
        "url": "https://github.com/grumnix/libogg-win32.git"
      }
    },
    "libogg_src": {
      "flake": false,
      "locked": {
        "lastModified": 1622776890,
        "narHash": "sha256-L8hFWoCh2VTdlsOq+cbP1eYAnciH70xlk1eSwr8YP5c=",
        "type": "tarball",
        "url": "https://downloads.xiph.org/releases/ogg/libogg-1.3.5.tar.gz"
      },
      "original": {
        "type": "tarball",
        "url": "https://downloads.xiph.org/releases/ogg/libogg-1.3.5.tar.gz"
      }
    },
    "libvorbis-win32": {
      "inputs": {
        "libogg": [
          "wstsound",
          "libogg-win32"
        ],
        "libvorbis_src": "libvorbis_src",
        "nixpkgs": [
          "wstsound",
          "nixpkgs"
        ],
        "tinycmmc": "tinycmmc_3"
      },
      "locked": {
        "lastModified": 1764251884,
        "narHash": "sha256-3jO1DR02WbHEtv6r809E/UvUFou2uXkT/8hkqmhK2Y4=",
        "ref": "refs/heads/master",
        "rev": "d698e14ec3fce00f85c111f74ad783bbda813a72",
        "revCount": 7,
        "type": "git",
        "url": "https://github.com/grumnix/libvorbis-win32.git"
      },
      "original": {
        "type": "git",
        "url": "https://github.com/grumnix/libvorbis-win32.git"
      }
    },
    "libvorbis_src": {
      "flake": false,
      "locked": {
        "lastModified": 1593843770,
        "narHash": "sha256-xXty8sK0hmJX7jQu5+CDBslNVQ0+dZaUrbp/12xVmy0=",
        "type": "tarball",
        "url": "https://downloads.xiph.org/releases/vorbis/libvorbis-1.3.7.tar.xz"
      },
      "original": {
        "type": "tarball",
        "url": "https://downloads.xiph.org/releases/vorbis/libvorbis-1.3.7.tar.xz"
      }
    },
    "logmich": {
      "inputs": {
        "flake-utils": "flake-utils_4",
        "nixpkgs": [
          "nixpkgs"
        ]
      },
      "locked": {
        "lastModified": 1787239001,
        "narHash": "sha256-p3BHIMo/2SaN5eyfhn8XUysO5+DY0F98wAK8WYMDceY=",
        "ref": "refs/heads/master",
        "rev": "8f8774b30c70b820e079484df638fd2667615a47",
        "revCount": 59,
        "type": "git",
        "url": "https://github.com/logmich/logmich.git"
      },
      "original": {
        "type": "git",
        "url": "https://github.com/logmich/logmich.git"
      }
    },
    "mpg123-win32": {
      "inputs": {
        "mpg123_src": "mpg123_src",
        "nixpkgs": [
          "wstsound",
          "nixpkgs"
        ],
        "tinycmmc": "tinycmmc_4"
      },
      "locked": {
        "lastModified": 1716728685,
        "narHash": "sha256-+oyZIT88pcIuWUW1jw69KpxEjvqU1QDtF3VV6hiTVAo=",
        "ref": "refs/heads/master",
        "rev": "aead750a3614f02601f7e81f67751b9f64eeab07",
        "revCount": 5,
        "type": "git",
        "url": "https://github.com/grumnix/mpg123-win32.git"
      },
      "original": {
        "type": "git",
        "url": "https://github.com/grumnix/mpg123-win32.git"
      }
    },
    "mpg123_src": {
      "flake": false,
      "locked": {
        "lastModified": 1679225440,
        "narHash": "sha256-OGSGPiIZbcBhovnX+rMquDECVT0myZDpJFxMYQMK4TM=",
        "type": "tarball",
        "url": "https://downloads.sourceforge.net/project/mpg123/mpg123/1.31.3/mpg123-1.31.3.tar.bz2"
      },
      "original": {
        "type": "tarball",
        "url": "https://downloads.sourceforge.net/project/mpg123/mpg123/1.31.3/mpg123-1.31.3.tar.bz2"
      }
    },
    "nixpkgs": {
      "locked": {
        "lastModified": 1787135253,
        "narHash": "sha256-RD2kNWCG+Bjo6h+JVjWVNntZs2GtRoeY2xHjts/FNkA=",
        "owner": "NixOS",
        "repo": "nixpkgs",
        "rev": "ffb3c9b700e759be2ef13237c9d8f953b32a1e46",
        "type": "github"
      },
      "original": {
        "owner": "NixOS",
        "ref": "nixos-unstable",
        "repo": "nixpkgs",
        "type": "github"
      }
    },
    "openal-soft-win32": {
      "inputs": {
        "flake-utils": "flake-utils_19",
        "nixpkgs": [
          "wstsound",
          "nixpkgs"
        ],
        "openal-soft_src": "openal-soft_src"
      },
      "locked": {
        "lastModified": 1786297480,
        "narHash": "sha256-aKmyS5P1n3flEAn6HH28w0SxcZhvbf3zJWB1Zj56n68=",
        "ref": "refs/heads/master",
        "rev": "a7924949a9ee8e9e9f7a33cd50f96672f4b9c84c",
        "revCount": 9,
        "type": "git",
        "url": "https://github.com/grumnix/openal-soft-win32.git"
      },
      "original": {
        "type": "git",
        "url": "https://github.com/grumnix/openal-soft-win32.git"
      }
    },
    "openal-soft_src": {
      "flake": false,
      "locked": {
        "lastModified": 1743221304,
        "narHash": "sha256-VQa3FD9NyvDv/+VbU+5lmV0LteiioJHpRkr1lnCn1g4=",
        "owner": "kcat",
        "repo": "openal-soft",
        "rev": "dc7d7054a5b4f3bec1dc23a42fd616a0847af948",
        "type": "github"
      },
      "original": {
        "owner": "kcat",
        "ref": "1.24.3",
        "repo": "openal-soft",
        "type": "github"
      }
    },
    "opus-win32": {
      "inputs": {
        "nixpkgs": [
          "wstsound",
          "nixpkgs"
        ],
        "opus_src": "opus_src",
        "tinycmmc": "tinycmmc_5"
      },
      "locked": {
        "lastModified": 1716728603,
        "narHash": "sha256-3+GUby3dHbQPdsBiGQlQ9XgNyZe1hORqbQpGUCzFm1E=",
        "ref": "refs/heads/master",
        "rev": "4530cd6280b2c239d8df717943fa0f63b1a3a650",
        "revCount": 5,
        "type": "git",
        "url": "https://github.com/grumnix/opus-win32.git"
      },
      "original": {
        "type": "git",
        "url": "https://github.com/grumnix/opus-win32.git"
      }
    },
    "opus_src": {
      "flake": false,
      "locked": {
        "lastModified": 1555106623,
        "narHash": "sha256-VyHmKoRXCJ0shVfUn6cX13b0fAXIQk0Z5NLZIfy8Gh4=",
        "type": "tarball",
        "url": "https://archive.mozilla.org/pub/opus/opus-1.3.1.tar.gz"
      },
      "original": {
        "type": "tarball",
        "url": "https://archive.mozilla.org/pub/opus/opus-1.3.1.tar.gz"
      }
    },
    "opusfile-win32": {
      "inputs": {
        "libogg": [
          "wstsound",
          "libogg-win32"
        ],
        "nixpkgs": [
          "wstsound",
          "nixpkgs"
        ],
        "opus": [
          "wstsound",
          "opus-win32"
        ],
        "opusfile_src": "opusfile_src",
        "tinycmmc": "tinycmmc_6"
      },
      "locked": {
        "lastModified": 1716728646,
        "narHash": "sha256-pCL8yrYE3EppKKrv8ORuCaWepm6eYmsYj3I1WoIxWDQ=",
        "ref": "refs/heads/master",
        "rev": "c19b24efe82fd596016d7805e9206466c0b5744e",
        "revCount": 7,
        "type": "git",
        "url": "https://github.com/grumnix/opusfile-win32.git"
      },
      "original": {
        "type": "git",
        "url": "https://github.com/grumnix/opusfile-win32.git"
      }
    },
    "opusfile_src": {
      "flake": false,
      "locked": {
        "lastModified": 1593226173,
        "narHash": "sha256-UEoOyY9DM5lINTAHIfSRK5+o622pIK2ObQ00swIcM40=",
        "type": "tarball",
        "url": "https://downloads.xiph.org/releases/opus/opusfile-0.12.tar.gz"
      },
      "original": {
        "type": "tarball",
        "url": "https://downloads.xiph.org/releases/opus/opusfile-0.12.tar.gz"
      }
    },
    "priocpp": {
      "inputs": {
        "flake-utils": "flake-utils_5",
        "logmich": [
          "logmich"
        ],
        "nixpkgs": [
          "nixpkgs"
        ],
        "sexpcpp": "sexpcpp"
      },
      "locked": {
        "lastModified": 1787249534,
        "narHash": "sha256-atE9PNPiSMJus1a3G6OX14YGdvZuk2WbbaJfJ8NT25U=",
        "ref": "refs/heads/master",
        "rev": "74fc80ed3bad478dc63becf1a7fbf7e134a5b712",
        "revCount": 187,
        "type": "git",
        "url": "https://github.com/grumbel/priocpp.git"
      },
      "original": {
        "type": "git",
        "url": "https://github.com/grumbel/priocpp.git"
      }
    },
    "root": {
      "inputs": {
        "babyxml": "babyxml",
        "flake-utils": "flake-utils_2",
        "geomcpp": "geomcpp",
        "logmich": "logmich",
        "nixpkgs": "nixpkgs",
        "priocpp": "priocpp",
        "sexpcpp": "sexpcpp_2",
        "surfcpp": "surfcpp",
        "wstdisplay": "wstdisplay",
        "wstinput": "wstinput",
        "wstsound": "wstsound"
      }
    },
    "sexpcpp": {
      "inputs": {
        "flake-utils": [
          "priocpp",
          "flake-utils"
        ],
        "nixpkgs": [
          "priocpp",
          "nixpkgs"
        ]
      },
      "locked": {
        "lastModified": 1787244669,
        "narHash": "sha256-BFM01H34HeJsShBaTLcLXuJZaqsvIMXPtytYuFkv8ng=",
        "ref": "refs/heads/master",
        "rev": "556b73606cadd1667ab63bf18585d8f90483afc9",
        "revCount": 346,
        "type": "git",
        "url": "https://github.com/lispparser/sexp-cpp.git"
      },
      "original": {
        "type": "git",
        "url": "https://github.com/lispparser/sexp-cpp.git"
      }
    },
    "sexpcpp_2": {
      "inputs": {
        "flake-utils": "flake-utils_6",
        "nixpkgs": [
          "nixpkgs"
        ]
      },
      "locked": {
        "lastModified": 1787244669,
        "narHash": "sha256-BFM01H34HeJsShBaTLcLXuJZaqsvIMXPtytYuFkv8ng=",
        "ref": "refs/heads/master",
        "rev": "556b73606cadd1667ab63bf18585d8f90483afc9",
        "revCount": 346,
        "type": "git",
        "url": "https://github.com/lispparser/sexp-cpp.git"
      },
      "original": {
        "type": "git",
        "url": "https://github.com/lispparser/sexp-cpp.git"
      }
    },
    "surfcpp": {
      "inputs": {
        "SDL2-win32": "SDL2-win32",
        "flake-utils": "flake-utils_8",
        "geomcpp": [
          "geomcpp"
        ],
        "logmich": [
          "logmich"
        ],
        "nixpkgs": [
          "nixpkgs"
        ]
      },
      "locked": {
        "lastModified": 1787253454,
        "narHash": "sha256-51pyt76nAooJOO8MuzO+25Mw8hMPf+lhkO2XEGxIUu4=",
        "ref": "refs/heads/master",
        "rev": "89a9fea6e9c84f1f4da7295c9092cf66978099fb",
        "revCount": 364,
        "type": "git",
        "url": "https://github.com/grumbel/surfcpp.git"
      },
      "original": {
        "type": "git",
        "url": "https://github.com/grumbel/surfcpp.git"
      }
    },
    "systems": {
      "locked": {
        "lastModified": 1681028828,
        "narHash": "sha256-Vy1rq5AaRuLzOxct8nz4T6wlgyUR7zLU309k9mBC768=",
        "owner": "nix-systems",
        "repo": "default",
        "rev": "da67096a3b9bf56a91d16901293e51ba5b49a27e",
        "type": "github"
      },
      "original": {
        "owner": "nix-systems",
        "repo": "default",
        "type": "github"
      }
    },
    "systems_10": {
      "locked": {
        "lastModified": 1681028828,
        "narHash": "sha256-Vy1rq5AaRuLzOxct8nz4T6wlgyUR7zLU309k9mBC768=",
        "owner": "nix-systems",
        "repo": "default",
        "rev": "da67096a3b9bf56a91d16901293e51ba5b49a27e",
        "type": "github"
      },
      "original": {
        "owner": "nix-systems",
        "repo": "default",
        "type": "github"
      }
    },
    "systems_11": {
      "locked": {
        "lastModified": 1681028828,
        "narHash": "sha256-Vy1rq5AaRuLzOxct8nz4T6wlgyUR7zLU309k9mBC768=",
        "owner": "nix-systems",
        "repo": "default",
        "rev": "da67096a3b9bf56a91d16901293e51ba5b49a27e",
        "type": "github"
      },
      "original": {
        "owner": "nix-systems",
        "repo": "default",
        "type": "github"
      }
    },
    "systems_12": {
      "locked": {
        "lastModified": 1681028828,
        "narHash": "sha256-Vy1rq5AaRuLzOxct8nz4T6wlgyUR7zLU309k9mBC768=",
        "owner": "nix-systems",
        "repo": "default",
        "rev": "da67096a3b9bf56a91d16901293e51ba5b49a27e",
        "type": "github"
      },
      "original": {
        "owner": "nix-systems",
        "repo": "default",
        "type": "github"
      }
    },
    "systems_13": {
      "locked": {
        "lastModified": 1681028828,
        "narHash": "sha256-Vy1rq5AaRuLzOxct8nz4T6wlgyUR7zLU309k9mBC768=",
        "owner": "nix-systems",
        "repo": "default",
        "rev": "da67096a3b9bf56a91d16901293e51ba5b49a27e",
        "type": "github"
      },
      "original": {
        "owner": "nix-systems",
        "repo": "default",
        "type": "github"
      }
    },
    "systems_14": {
      "locked": {
        "lastModified": 1681028828,
        "narHash": "sha256-Vy1rq5AaRuLzOxct8nz4T6wlgyUR7zLU309k9mBC768=",
        "owner": "nix-systems",
        "repo": "default",
        "rev": "da67096a3b9bf56a91d16901293e51ba5b49a27e",
        "type": "github"
      },
      "original": {
        "owner": "nix-systems",
        "repo": "default",
        "type": "github"
      }
    },
    "systems_15": {
      "locked": {
        "lastModified": 1681028828,
        "narHash": "sha256-Vy1rq5AaRuLzOxct8nz4T6wlgyUR7zLU309k9mBC768=",
        "owner": "nix-systems",
        "repo": "default",
        "rev": "da67096a3b9bf56a91d16901293e51ba5b49a27e",
        "type": "github"
      },
      "original": {
        "owner": "nix-systems",
        "repo": "default",
        "type": "github"
      }
    },
    "systems_16": {
      "locked": {
        "lastModified": 1681028828,
        "narHash": "sha256-Vy1rq5AaRuLzOxct8nz4T6wlgyUR7zLU309k9mBC768=",
        "owner": "nix-systems",
        "repo": "default",
        "rev": "da67096a3b9bf56a91d16901293e51ba5b49a27e",
        "type": "github"
      },
      "original": {
        "owner": "nix-systems",
        "repo": "default",
        "type": "github"
      }
    },
    "systems_17": {
      "locked": {
        "lastModified": 1681028828,
        "narHash": "sha256-Vy1rq5AaRuLzOxct8nz4T6wlgyUR7zLU309k9mBC768=",
        "owner": "nix-systems",
        "repo": "default",
        "rev": "da67096a3b9bf56a91d16901293e51ba5b49a27e",
        "type": "github"
      },
      "original": {
        "owner": "nix-systems",
        "repo": "default",
        "type": "github"
      }
    },
    "systems_18": {
      "locked": {
        "lastModified": 1681028828,
        "narHash": "sha256-Vy1rq5AaRuLzOxct8nz4T6wlgyUR7zLU309k9mBC768=",
        "owner": "nix-systems",
        "repo": "default",
        "rev": "da67096a3b9bf56a91d16901293e51ba5b49a27e",
        "type": "github"
      },
      "original": {
        "owner": "nix-systems",
        "repo": "default",
        "type": "github"
      }
    },
    "systems_19": {
      "locked": {
        "lastModified": 1681028828,
        "narHash": "sha256-Vy1rq5AaRuLzOxct8nz4T6wlgyUR7zLU309k9mBC768=",
        "owner": "nix-systems",
        "repo": "default",
        "rev": "da67096a3b9bf56a91d16901293e51ba5b49a27e",
        "type": "github"
      },
      "original": {
        "owner": "nix-systems",
        "repo": "default",
        "type": "github"
      }
    },
    "systems_2": {
      "locked": {
        "lastModified": 1681028828,
        "narHash": "sha256-Vy1rq5AaRuLzOxct8nz4T6wlgyUR7zLU309k9mBC768=",
        "owner": "nix-systems",
        "repo": "default",
        "rev": "da67096a3b9bf56a91d16901293e51ba5b49a27e",
        "type": "github"
      },
      "original": {
        "owner": "nix-systems",
        "repo": "default",
        "type": "github"
      }
    },
    "systems_20": {
      "locked": {
        "lastModified": 1681028828,
        "narHash": "sha256-Vy1rq5AaRuLzOxct8nz4T6wlgyUR7zLU309k9mBC768=",
        "owner": "nix-systems",
        "repo": "default",
        "rev": "da67096a3b9bf56a91d16901293e51ba5b49a27e",
        "type": "github"
      },
      "original": {
        "owner": "nix-systems",
        "repo": "default",
        "type": "github"
      }
    },
    "systems_21": {
      "locked": {
        "lastModified": 1681028828,
        "narHash": "sha256-Vy1rq5AaRuLzOxct8nz4T6wlgyUR7zLU309k9mBC768=",
        "owner": "nix-systems",
        "repo": "default",
        "rev": "da67096a3b9bf56a91d16901293e51ba5b49a27e",
        "type": "github"
      },
      "original": {
        "owner": "nix-systems",
        "repo": "default",
        "type": "github"
      }
    },
    "systems_3": {
      "locked": {
        "lastModified": 1681028828,
        "narHash": "sha256-Vy1rq5AaRuLzOxct8nz4T6wlgyUR7zLU309k9mBC768=",
        "owner": "nix-systems",
        "repo": "default",
        "rev": "da67096a3b9bf56a91d16901293e51ba5b49a27e",
        "type": "github"
      },
      "original": {
        "owner": "nix-systems",
        "repo": "default",
        "type": "github"
      }
    },
    "systems_4": {
      "locked": {
        "lastModified": 1681028828,
        "narHash": "sha256-Vy1rq5AaRuLzOxct8nz4T6wlgyUR7zLU309k9mBC768=",
        "owner": "nix-systems",
        "repo": "default",
        "rev": "da67096a3b9bf56a91d16901293e51ba5b49a27e",
        "type": "github"
      },
      "original": {
        "owner": "nix-systems",
        "repo": "default",
        "type": "github"
      }
    },
    "systems_5": {
      "locked": {
        "lastModified": 1681028828,
        "narHash": "sha256-Vy1rq5AaRuLzOxct8nz4T6wlgyUR7zLU309k9mBC768=",
        "owner": "nix-systems",
        "repo": "default",
        "rev": "da67096a3b9bf56a91d16901293e51ba5b49a27e",
        "type": "github"
      },
      "original": {
        "owner": "nix-systems",
        "repo": "default",
        "type": "github"
      }
    },
    "systems_6": {
      "locked": {
        "lastModified": 1681028828,
        "narHash": "sha256-Vy1rq5AaRuLzOxct8nz4T6wlgyUR7zLU309k9mBC768=",
        "owner": "nix-systems",
        "repo": "default",
        "rev": "da67096a3b9bf56a91d16901293e51ba5b49a27e",
        "type": "github"
      },
      "original": {
        "owner": "nix-systems",
        "repo": "default",
        "type": "github"
      }
    },
    "systems_7": {
      "locked": {
        "lastModified": 1681028828,
        "narHash": "sha256-Vy1rq5AaRuLzOxct8nz4T6wlgyUR7zLU309k9mBC768=",
        "owner": "nix-systems",
        "repo": "default",
        "rev": "da67096a3b9bf56a91d16901293e51ba5b49a27e",
        "type": "github"
      },
      "original": {
        "owner": "nix-systems",
        "repo": "default",
        "type": "github"
      }
    },
    "systems_8": {
      "locked": {
        "lastModified": 1681028828,
        "narHash": "sha256-Vy1rq5AaRuLzOxct8nz4T6wlgyUR7zLU309k9mBC768=",
        "owner": "nix-systems",
        "repo": "default",
        "rev": "da67096a3b9bf56a91d16901293e51ba5b49a27e",
        "type": "github"
      },
      "original": {
        "owner": "nix-systems",
        "repo": "default",
        "type": "github"
      }
    },
    "systems_9": {
      "locked": {
        "lastModified": 1681028828,
        "narHash": "sha256-Vy1rq5AaRuLzOxct8nz4T6wlgyUR7zLU309k9mBC768=",
        "owner": "nix-systems",
        "repo": "default",
        "rev": "da67096a3b9bf56a91d16901293e51ba5b49a27e",
        "type": "github"
      },
      "original": {
        "owner": "nix-systems",
        "repo": "default",
        "type": "github"
      }
    },
    "tinycmmc": {
      "inputs": {
        "flake-utils": "flake-utils_11",
        "nixpkgs": [
          "wstdisplay",
          "freetype-win32",
          "nixpkgs"
        ]
      },
      "locked": {
        "lastModified": 1701699760,
        "narHash": "sha256-L0vwqcTQFOiFfRY90nBgDuUsVOYS0+S8BfVxFvaFBNM=",
        "owner": "grumbel",
        "repo": "tinycmmc",
        "rev": "9a51e13802d930feb7261ba8876940659b258cb7",
        "type": "github"
      },
      "original": {
        "owner": "grumbel",
        "repo": "tinycmmc",
        "type": "github"
      }
    },
    "tinycmmc_2": {
      "inputs": {
        "flake-utils": "flake-utils_16",
        "nixpkgs": [
          "wstsound",
          "libogg-win32",
          "nixpkgs"
        ]
      },
      "locked": {
        "lastModified": 1763256011,
        "narHash": "sha256-CpQWAHdeLUYd28cT9heG05p6RX9WF7QslqNHoBi931E=",
        "owner": "grumbel",
        "repo": "tinycmmc",
        "rev": "2e007ba059a4991c011a7193c9d7df28826c9adc",
        "type": "github"
      },
      "original": {
        "owner": "grumbel",
        "repo": "tinycmmc",
        "type": "github"
      }
    },
    "tinycmmc_3": {
      "inputs": {
        "flake-utils": "flake-utils_17",
        "nixpkgs": [
          "wstsound",
          "libvorbis-win32",
          "nixpkgs"
        ]
      },
      "locked": {
        "lastModified": 1763256011,
        "narHash": "sha256-CpQWAHdeLUYd28cT9heG05p6RX9WF7QslqNHoBi931E=",
        "owner": "grumbel",
        "repo": "tinycmmc",
        "rev": "2e007ba059a4991c011a7193c9d7df28826c9adc",
        "type": "github"
      },
      "original": {
        "owner": "grumbel",
        "repo": "tinycmmc",
        "type": "github"
      }
    },
    "tinycmmc_4": {
      "inputs": {
        "flake-utils": "flake-utils_18",
        "nixpkgs": [
          "wstsound",
          "mpg123-win32",
          "nixpkgs"
        ]
      },
      "locked": {
        "lastModified": 1701699760,
        "narHash": "sha256-L0vwqcTQFOiFfRY90nBgDuUsVOYS0+S8BfVxFvaFBNM=",
        "owner": "grumbel",
        "repo": "tinycmmc",
        "rev": "9a51e13802d930feb7261ba8876940659b258cb7",
        "type": "github"
      },
      "original": {
        "owner": "grumbel",
        "repo": "tinycmmc",
        "type": "github"
      }
    },
    "tinycmmc_5": {
      "inputs": {
        "flake-utils": "flake-utils_20",
        "nixpkgs": [
          "wstsound",
          "opus-win32",
          "nixpkgs"
        ]
      },
      "locked": {
        "lastModified": 1701699760,
        "narHash": "sha256-L0vwqcTQFOiFfRY90nBgDuUsVOYS0+S8BfVxFvaFBNM=",
        "owner": "grumbel",
        "repo": "tinycmmc",
        "rev": "9a51e13802d930feb7261ba8876940659b258cb7",
        "type": "github"
      },
      "original": {
        "owner": "grumbel",
        "repo": "tinycmmc",
        "type": "github"
      }
    },
    "tinycmmc_6": {
      "inputs": {
        "flake-utils": "flake-utils_21",
        "nixpkgs": [
          "wstsound",
          "opusfile-win32",
          "nixpkgs"
        ]
      },
      "locked": {
        "lastModified": 1701699760,
        "narHash": "sha256-L0vwqcTQFOiFfRY90nBgDuUsVOYS0+S8BfVxFvaFBNM=",
        "owner": "grumbel",
        "repo": "tinycmmc",
        "rev": "9a51e13802d930feb7261ba8876940659b258cb7",
        "type": "github"
      },
      "original": {
        "owner": "grumbel",
        "repo": "tinycmmc",
        "type": "github"
      }
    },
    "wstdisplay": {
      "inputs": {
        "SDL2-win32": "SDL2-win32_2",
        "babyxml": [
          "babyxml"
        ],
        "flake-utils": "flake-utils_10",
        "freetype-win32": "freetype-win32",
        "geomcpp": [
          "geomcpp"
        ],
        "logmich": [
          "logmich"
        ],
        "nixpkgs": [
          "nixpkgs"
        ],
        "surfcpp": [
          "surfcpp"
        ]
      },
      "locked": {
        "lastModified": 1787257772,
        "narHash": "sha256-UHcpU1UZjJ3xAlkvw5/YRyyMgc5BuN0FemKkInHJx4Y=",
        "ref": "refs/heads/master",
        "rev": "471feec29e4c556ae1d66e84bbc758f9faf80f8c",
        "revCount": 399,
        "type": "git",
        "url": "https://github.com/windstilleteam/wstdisplay.git"
      },
      "original": {
        "type": "git",
        "url": "https://github.com/windstilleteam/wstdisplay.git"
      }
    },
    "wstinput": {
      "inputs": {
        "SDL2-win32": "SDL2-win32_3",
        "flake-utils": "flake-utils_13",
        "logmich": [
          "logmich"
        ],
        "nixpkgs": [
          "nixpkgs"
        ],
        "priocpp": [
          "priocpp"
        ],
        "sexpcpp": [
          "sexpcpp"
        ]
      },
      "locked": {
        "lastModified": 1787253741,
        "narHash": "sha256-M9fKMQPKvdE4ou6M+X3la3SdRbOPDldDqi2n3Guz940=",
        "ref": "refs/heads/master",
        "rev": "0d4f2242b794b612aaf78ba2abc7e36b7e149fbd",
        "revCount": 127,
        "type": "git",
        "url": "https://github.com/windstilleteam/wstinput.git"
      },
      "original": {
        "type": "git",
        "url": "https://github.com/windstilleteam/wstinput.git"
      }
    },
    "wstsound": {
      "inputs": {
        "flake-utils": "flake-utils_14",
        "libmodplug-win32": "libmodplug-win32",
        "libogg-win32": "libogg-win32",
        "libvorbis-win32": "libvorbis-win32",
        "mpg123-win32": "mpg123-win32",
        "nixpkgs": [
          "nixpkgs"
        ],
        "openal-soft-win32": "openal-soft-win32",
        "opus-win32": "opus-win32",
        "opusfile-win32": "opusfile-win32"
      },
      "locked": {
        "lastModified": 1787255350,
        "narHash": "sha256-JQNnu8WsI964+2QqawmbvaVZeaKD+T7w81CATfw/rgM=",
        "ref": "refs/heads/master",
        "rev": "7c1b8e24a022e3b8fb7a1d0b74c51a0cb63d0f7b",
        "revCount": 542,
        "type": "git",
        "url": "https://github.com/windstilleteam/wstsound.git"
      },
      "original": {
        "type": "git",
        "url": "https://github.com/windstilleteam/wstsound.git"
      }
    }
  },
  "root": "root",
  "version": 7
}
