{
  "nodes": {
    "babyxml": {
      "inputs": {
        "flake-utils": [
          "flake-utils"
        ],
        "nix": [
          "nix"
        ],
        "nixpkgs": [
          "nixpkgs"
        ],
        "tinycmmc": [
          "tinycmmc"
        ]
      },
      "locked": {
        "lastModified": 1636472501,
        "narHash": "sha256-Wd4qyV4+BwWw1AWIwnJ0PVdEFVz/iivKdYBI44BCtfg=",
        "owner": "grumbel",
        "repo": "babyxml",
        "rev": "64e71a06a9a77c3af057d455a6d3cb0de13c0c68",
        "type": "gitlab"
      },
      "original": {
        "owner": "grumbel",
        "repo": "babyxml",
        "type": "gitlab"
      }
    },
    "flake-utils": {
      "locked": {
        "lastModified": 1634851050,
        "narHash": "sha256-N83GlSGPJJdcqhUxSCS/WwW5pksYf3VP1M13cDRTSVA=",
        "owner": "numtide",
        "repo": "flake-utils",
        "rev": "c91f3de5adaf1de973b797ef7485e441a65b8935",
        "type": "github"
      },
      "original": {
        "owner": "numtide",
        "repo": "flake-utils",
        "type": "github"
      }
    },
    "geomcpp": {
      "inputs": {
        "flake-utils": [
          "flake-utils"
        ],
        "nix": [
          "nix"
        ],
        "nixpkgs": [
          "nixpkgs"
        ],
        "tinycmmc": [
          "tinycmmc"
        ]
      },
      "locked": {
        "lastModified": 1636473227,
        "narHash": "sha256-YDuk8aGps/c3daAq1TQEPCDCqV44Wr2SSolyGDzvEV0=",
        "owner": "grumbel",
        "repo": "geomcpp",
        "rev": "982d5614d81dbe7c34039a13fd3d702b8997fade",
        "type": "gitlab"
      },
      "original": {
        "owner": "grumbel",
        "repo": "geomcpp",
        "type": "gitlab"
      }
    },
    "logmich": {
      "inputs": {
        "flake-utils": [
          "flake-utils"
        ],
        "nix": [
          "nix"
        ],
        "nixpkgs": [
          "nixpkgs"
        ],
        "tinycmmc": [
          "tinycmmc"
        ]
      },
      "locked": {
        "lastModified": 1636472868,
        "narHash": "sha256-ye+Qch+grsIFhDo9Sdxc6reG5AG858mDk4x6idwKpPs=",
        "owner": "logmich",
        "repo": "logmich",
        "rev": "4a50822e767cd2571c9f17628c813d7685cc2f6b",
        "type": "gitlab"
      },
      "original": {
        "owner": "logmich",
        "repo": "logmich",
        "type": "gitlab"
      }
    },
    "lowdown-src": {
      "flake": false,
      "locked": {
        "lastModified": 1633514407,
        "narHash": "sha256-Dw32tiMjdK9t3ETl5fzGrutQTzh2rufgZV4A/BbxuD4=",
        "owner": "kristapsdz",
        "repo": "lowdown",
        "rev": "d2c2b44ff6c27b936ec27358a2653caaef8f73b8",
        "type": "github"
      },
      "original": {
        "owner": "kristapsdz",
        "repo": "lowdown",
        "type": "github"
      }
    },
    "lowdown-src_2": {
      "flake": false,
      "locked": {
        "lastModified": 1633514407,
        "narHash": "sha256-Dw32tiMjdK9t3ETl5fzGrutQTzh2rufgZV4A/BbxuD4=",
        "owner": "kristapsdz",
        "repo": "lowdown",
        "rev": "d2c2b44ff6c27b936ec27358a2653caaef8f73b8",
        "type": "github"
      },
      "original": {
        "owner": "kristapsdz",
        "repo": "lowdown",
        "type": "github"
      }
    },
    "nix": {
      "inputs": {
        "lowdown-src": "lowdown-src",
        "nixpkgs": [
          "nixpkgs"
        ]
      },
      "locked": {
        "lastModified": 1636469859,
        "narHash": "sha256-sp+wdPXMermWixiOcPuxeTseKA8Yph77FBHuDqBw81c=",
        "owner": "NixOS",
        "repo": "nix",
        "rev": "67179472dfe30c97af9a5aeed0190c0e765936cf",
        "type": "github"
      },
      "original": {
        "id": "nix",
        "type": "indirect"
      }
    },
    "nix_2": {
      "inputs": {
        "lowdown-src": "lowdown-src_2",
        "nixpkgs": [
          "tinycmmc",
          "nixpkgs"
        ]
      },
      "locked": {
        "lastModified": 1636469859,
        "narHash": "sha256-sp+wdPXMermWixiOcPuxeTseKA8Yph77FBHuDqBw81c=",
        "owner": "NixOS",
        "repo": "nix",
        "rev": "67179472dfe30c97af9a5aeed0190c0e765936cf",
        "type": "github"
      },
      "original": {
        "id": "nix",
        "type": "indirect"
      }
    },
    "nixpkgs": {
      "locked": {
        "lastModified": 1636474390,
        "narHash": "sha256-nnm0Ar4OikD8FQWAlf3AGxEnrGHKQIqy4Cj/DCf0LxM=",
        "owner": "nixos",
        "repo": "nixpkgs",
        "rev": "872ccff6c20e4741721a8c774108de8dbbdeea7d",
        "type": "github"
      },
      "original": {
        "owner": "nixos",
        "repo": "nixpkgs",
        "type": "github"
      }
    },
    "priocpp": {
      "inputs": {
        "flake-utils": [
          "flake-utils"
        ],
        "logmich": [
          "logmich"
        ],
        "nix": [
          "nix"
        ],
        "nixpkgs": [
          "nixpkgs"
        ],
        "sexpcpp": [
          "sexpcpp"
        ],
        "tinycmmc": [
          "tinycmmc"
        ]
      },
      "locked": {
        "lastModified": 1636473022,
        "narHash": "sha256-kD6Dcjm5rfRKeGhTbE3TKuuCz2jCJ3xFU7yMj9FxT/g=",
        "owner": "grumbel",
        "repo": "priocpp",
        "rev": "af934711d44a95d83c51e30f011471c69bae5686",
        "type": "gitlab"
      },
      "original": {
        "owner": "grumbel",
        "repo": "priocpp",
        "type": "gitlab"
      }
    },
    "root": {
      "inputs": {
        "babyxml": "babyxml",
        "flake-utils": "flake-utils",
        "geomcpp": "geomcpp",
        "logmich": "logmich",
        "nix": "nix",
        "nixpkgs": "nixpkgs",
        "priocpp": "priocpp",
        "sexpcpp": "sexpcpp",
        "surfcpp": "surfcpp",
        "tinycmmc": "tinycmmc",
        "wstdisplay": "wstdisplay",
        "wstinput": "wstinput",
        "wstsound": "wstsound"
      }
    },
    "sexpcpp": {
      "inputs": {
        "flake-utils": [
          "flake-utils"
        ],
        "nix": [
          "nix"
        ],
        "nixpkgs": [
          "nixpkgs"
        ],
        "tinycmmc": [
          "tinycmmc"
        ]
      },
      "locked": {
        "lastModified": 1636472725,
        "narHash": "sha256-ZmDBU51G45q1kN6VW24vjZ0JM5bRF3rCM+gBi4+xe7E=",
        "owner": "lispparser",
        "repo": "sexp-cpp",
        "rev": "80f20f7fab69ff8477e15cd0b915ed8273b786d3",
        "type": "gitlab"
      },
      "original": {
        "owner": "lispparser",
        "repo": "sexp-cpp",
        "type": "gitlab"
      }
    },
    "surfcpp": {
      "inputs": {
        "flake-utils": [
          "flake-utils"
        ],
        "geomcpp": [
          "geomcpp"
        ],
        "logmich": [
          "logmich"
        ],
        "nix": [
          "nix"
        ],
        "nixpkgs": [
          "nixpkgs"
        ],
        "tinycmmc": [
          "tinycmmc"
        ]
      },
      "locked": {
        "lastModified": 1636473392,
        "narHash": "sha256-6VVJ7UH138xnaB/LWm3ohui4j7ACqgaCDVq7qbXd1oo=",
        "owner": "grumbel",
        "repo": "surfcpp",
        "rev": "a172383947663d1d1abaf7c891bedcd18d53ec87",
        "type": "gitlab"
      },
      "original": {
        "owner": "grumbel",
        "repo": "surfcpp",
        "type": "gitlab"
      }
    },
    "tinycmmc": {
      "inputs": {
        "flake-utils": [
          "flake-utils"
        ],
        "nix": "nix_2",
        "nixpkgs": [
          "nixpkgs"
        ]
      },
      "locked": {
        "lastModified": 1636472398,
        "narHash": "sha256-j/HbXbIWjBQNrKOIwpBFCZGp4S1GGdqz6/wmpWT90zE=",
        "owner": "grumbel",
        "repo": "cmake-modules",
        "rev": "36d0a7b7b10c7fa3c0b6776a34eaebfcbe65deb5",
        "type": "gitlab"
      },
      "original": {
        "owner": "grumbel",
        "repo": "cmake-modules",
        "type": "gitlab"
      }
    },
    "wstdisplay": {
      "inputs": {
        "babyxml": [
          "babyxml"
        ],
        "flake-utils": [
          "flake-utils"
        ],
        "geomcpp": [
          "geomcpp"
        ],
        "logmich": [
          "logmich"
        ],
        "nix": [
          "nix"
        ],
        "nixpkgs": [
          "nixpkgs"
        ],
        "surfcpp": [
          "surfcpp"
        ],
        "tinycmmc": [
          "tinycmmc"
        ]
      },
      "locked": {
        "lastModified": 1636474709,
        "narHash": "sha256-Tkxg7M43mwBQVCj/paTaaebdK21VrsY/K535xXzLmdA=",
        "owner": "windstille",
        "repo": "wstdisplay",
        "rev": "a23fa91a5cb2e00a6afd00c8de292a71bc6db94c",
        "type": "gitlab"
      },
      "original": {
        "owner": "windstille",
        "repo": "wstdisplay",
        "type": "gitlab"
      }
    },
    "wstinput": {
      "inputs": {
        "flake-utils": [
          "flake-utils"
        ],
        "logmich": [
          "logmich"
        ],
        "nix": [
          "nix"
        ],
        "nixpkgs": [
          "nixpkgs"
        ],
        "priocpp": [
          "priocpp"
        ],
        "tinycmmc": [
          "tinycmmc"
        ]
      },
      "locked": {
        "lastModified": 1636473949,
        "narHash": "sha256-FZxVbEInUZaJ2HzL/mIJ7XlzVAa/xIsG9O5qCiMGf6Q=",
        "owner": "windstille",
        "repo": "wstinput",
        "rev": "35bd5dd7dcbc482e943b6364e4d83a9bf1b95952",
        "type": "gitlab"
      },
      "original": {
        "owner": "windstille",
        "repo": "wstinput",
        "type": "gitlab"
      }
    },
    "wstsound": {
      "inputs": {
        "flake-utils": [
          "flake-utils"
        ],
        "nix": [
          "nix"
        ],
        "nixpkgs": [
          "nixpkgs"
        ],
        "tinycmmc": [
          "tinycmmc"
        ]
      },
      "locked": {
        "lastModified": 1636475079,
        "narHash": "sha256-qhAcAl8FDgK+PkrihpUaUecmmwBCDJrVW+Ux7fsQksw=",
        "owner": "windstille",
        "repo": "wstsound",
        "rev": "a04319c9cf2ffbb2e731a8f8fe7a02f0c33da529",
        "type": "gitlab"
      },
      "original": {
        "owner": "windstille",
        "repo": "wstsound",
        "type": "gitlab"
      }
    }
  },
  "root": "root",
  "version": 7
}
